
Microsoft Visual Studio Solution File, Format Version 12.00
Project("{FAE04EC0-301F-11D3-BF4B-00C04F79EFBC}") = "HybridNetworkLib", "HybridNetworkLib\HybridNetworkLib.csproj", "{ED94A9FB-C8FD-4156-850E-18B6705989A4}"
EndProject
Project("{FAE04EC0-301F-11D3-BF4B-00C04F79EFBC}") = "ServerExample", "ServerExample\ServerExample.csproj", "{5E48AC7E-CF4A-4F75-A187-6E6FA7B67340}"
EndProject
Project("{FAE04EC0-301F-11D3-BF4B-00C04F79EFBC}") = "ClientExample", "ClientExample\ClientExample.csproj", "{9944B644-56BF-4BB8-BE1E-52E6A7C8328A}"
EndProject
Project("{FAE04EC0-301F-11D3-BF4B-00C04F79EFBC}") = "CommonExample", "CommonExample\CommonExample.csproj", "{EC97653F-8289-4417-876F-5E26568D1E75}"
EndProject
Project("{FAE04EC0-301F-11D3-BF4B-00C04F79EFBC}") = "CobblestoneSerializerTest", "CobblestoneSerializerTest\CobblestoneSerializerTest.csproj", "{9DD39CB1-92D5-472E-936E-7CAB57DACA6C}"
EndProject
Project("{FAE04EC0-301F-11D3-BF4B-00C04F79EFBC}") = "HybridNetworkLibUnity", "HybridNetworkLibUnity\HybridNetworkLibUnity.csproj", "{322A7401-3D2E-4048-91B8-64D05D7AA0C1}"
EndProject
Global
	GlobalSection(SolutionConfigurationPlatforms) = preSolution
		Debug|Any CPU = Debug|Any CPU
		Release|Any CPU = Release|Any CPU
	EndGlobalSection
	GlobalSection(ProjectConfigurationPlatforms) = postSolution
		{ED94A9FB-C8FD-4156-850E-18B6705989A4}.Debug|Any CPU.ActiveCfg = Debug|Any CPU
		{ED94A9FB-C8FD-4156-850E-18B6705989A4}.Debug|Any CPU.Build.0 = Debug|Any CPU
		{ED94A9FB-C8FD-4156-850E-18B6705989A4}.Release|Any CPU.ActiveCfg = Release|Any CPU
		{ED94A9FB-C8FD-4156-850E-18B6705989A4}.Release|Any CPU.Build.0 = Release|Any CPU
		{5E48AC7E-CF4A-4F75-A187-6E6FA7B67340}.Debug|Any CPU.ActiveCfg = Debug|Any CPU
		{5E48AC7E-CF4A-4F75-A187-6E6FA7B67340}.Debug|Any CPU.Build.0 = Debug|Any CPU
		{5E48AC7E-CF4A-4F75-A187-6E6FA7B67340}.Release|Any CPU.ActiveCfg = Release|Any CPU
		{5E48AC7E-CF4A-4F75-A187-6E6FA7B67340}.Release|Any CPU.Build.0 = Release|Any CPU
		{9944B644-56BF-4BB8-BE1E-52E6A7C8328A}.Debug|Any CPU.ActiveCfg = Debug|Any CPU
		{9944B644-56BF-4BB8-BE1E-52E6A7C8328A}.Debug|Any CPU.Build.0 = Debug|Any CPU
		{9944B644-56BF-4BB8-BE1E-52E6A7C8328A}.Release|Any CPU.ActiveCfg = Release|Any CPU
		{9944B644-56BF-4BB8-BE1E-52E6A7C8328A}.Release|Any CPU.Build.0 = Release|Any CPU
		{EC97653F-8289-4417-876F-5E26568D1E75}.Debug|Any CPU.ActiveCfg = Debug|Any CPU
		{EC97653F-8289-4417-876F-5E26568D1E75}.Debug|Any CPU.Build.0 = Debug|Any CPU
		{EC97653F-8289-4417-876F-5E26568D1E75}.Release|Any CPU.ActiveCfg = Release|Any CPU
		{EC97653F-8289-4417-876F-5E26568D1E75}.Release|Any CPU.Build.0 = Release|Any CPU
		{9DD39CB1-92D5-472E-936E-7CAB57DACA6C}.Debug|Any CPU.ActiveCfg = Debug|Any CPU
		{9DD39CB1-92D5-472E-936E-7CAB57DACA6C}.Debug|Any CPU.Build.0 = Debug|Any CPU
		{9DD39CB1-92D5-472E-936E-7CAB57DACA6C}.Release|Any CPU.ActiveCfg = Release|Any CPU
		{9DD39CB1-92D5-472E-936E-7CAB57DACA6C}.Release|Any CPU.Build.0 = Release|Any CPU
		{322A7401-3D2E-4048-91B8-64D05D7AA0C1}.Debug|Any CPU.ActiveCfg = Debug|Any CPU
		{322A7401-3D2E-4048-91B8-64D05D7AA0C1}.Debug|Any CPU.Build.0 = Debug|Any CPU
		{322A7401-3D2E-4048-91B8-64D05D7AA0C1}.Release|Any CPU.ActiveCfg = Release|Any CPU
		{322A7401-3D2E-4048-91B8-64D05D7AA0C1}.Release|Any CPU.Build.0 = Release|Any CPU
	EndGlobalSection
EndGlobal
